
Microsoft Visual Studio Solution File, Format Version 12.00
# Visual Studio Version 16
VisualStudioVersion = 16.0.30413.136
MinimumVisualStudioVersion = 10.0.40219.1
Project("{FAE04EC0-301F-11D3-BF4B-00C04F79EFBC}") = "AppNuvo", "AppNuvo\AppNuvo.csproj", "{6A79D8F8-5353-44DB-933E-B8AD4BF9F820}"
EndProject
Project("{FAE04EC0-301F-11D3-BF4B-00C04F79EFBC}") = "AppNuvo.Core", "AppNuvo.Core\AppNuvo.Core.csproj", "{FED51FDA-4DC1-41C0-9533-AD8D5B7BC0F8}"
EndProject
Global
	GlobalSection(SolutionConfigurationPlatforms) = preSolution
		Debug|Any CPU = Debug|Any CPU
		Release|Any CPU = Release|Any CPU
	EndGlobalSection
	GlobalSection(ProjectConfigurationPlatforms) = postSolution
		{6A79D8F8-5353-44DB-933E-B8AD4BF9F820}.Debug|Any CPU.ActiveCfg = Debug|Any CPU
		{6A79D8F8-5353-44DB-933E-B8AD4BF9F820}.Debug|Any CPU.Build.0 = Debug|Any CPU
		{6A79D8F8-5353-44DB-933E-B8AD4BF9F820}.Release|Any CPU.ActiveCfg = Release|Any CPU
		{6A79D8F8-5353-44DB-933E-B8AD4BF9F820}.Release|Any CPU.Build.0 = Release|Any CPU
		{FED51FDA-4DC1-41C0-9533-AD8D5B7BC0F8}.Debug|Any CPU.ActiveCfg = Debug|Any CPU
		{FED51FDA-4DC1-41C0-9533-AD8D5B7BC0F8}.Debug|Any CPU.Build.0 = Debug|Any CPU
		{FED51FDA-4DC1-41C0-9533-AD8D5B7BC0F8}.Release|Any CPU.ActiveCfg = Release|Any CPU
		{FED51FDA-4DC1-41C0-9533-AD8D5B7BC0F8}.Release|Any CPU.Build.0 = Release|Any CPU
	EndGlobalSection
	GlobalSection(SolutionProperties) = preSolution
		HideSolutionNode = FALSE
	EndGlobalSection
	GlobalSection(ExtensibilityGlobals) = postSolution
		SolutionGuid = {7814DE4C-C1AE-423A-8C64-A746DBCD0E24}
	EndGlobalSection
EndGlobal
